
Microsoft Visual Studio Solution File, Format Version 12.00
# Visual Studio 14
VisualStudioVersion = 14.0.25123.0
MinimumVisualStudioVersion = 10.0.40219.1
Project("{8BC9CEB8-8B4A-11D0-8D11-00A0C91BC942}") = "Lanq", "TestServer.vcxproj", "{B7EB2CE3-2ADA-4AAE-90E2-9FB826162B5F}"
EndProject
Project("{8BC9CEB8-8B4A-11D0-8D11-00A0C91BC942}") = "ConsoleShell", "..\Modules\HttpConsoleShell\VS2015\ConsoleShell.vcxproj", "{3996458D-7E81-48AA-95B3-AE93A49CA437}"
	ProjectSection(ProjectDependencies) = postProject
		{B7EB2CE3-2ADA-4AAE-90E2-9FB826162B5F} = {B7EB2CE3-2ADA-4AAE-90E2-9FB826162B5F}
	EndProjectSection
EndProject
Project("{8BC9CEB8-8B4A-11D0-8D11-00A0C91BC942}") = "Module", "..\Modules\Example\VS2015\Module.vcxproj", "{00BC98FB-4DAC-47DC-99E9-C999440D831A}"
	ProjectSection(ProjectDependencies) = postProject
		{B7EB2CE3-2ADA-4AAE-90E2-9FB826162B5F} = {B7EB2CE3-2ADA-4AAE-90E2-9FB826162B5F}
	EndProjectSection
EndProject
Global
	GlobalSection(SolutionConfigurationPlatforms) = preSolution
		Debug|ARM = Debug|ARM
		Debug|x64 = Debug|x64
		Debug|x86 = Debug|x86
		Release|ARM = Release|ARM
		Release|x64 = Release|x64
		Release|x86 = Release|x86
	EndGlobalSection
	GlobalSection(ProjectConfigurationPlatforms) = postSolution
		{B7EB2CE3-2ADA-4AAE-90E2-9FB826162B5F}.Debug|ARM.ActiveCfg = Debug|ARM
		{B7EB2CE3-2ADA-4AAE-90E2-9FB826162B5F}.Debug|ARM.Build.0 = Debug|ARM
		{B7EB2CE3-2ADA-4AAE-90E2-9FB826162B5F}.Debug|x64.ActiveCfg = Debug|x64
		{B7EB2CE3-2ADA-4AAE-90E2-9FB826162B5F}.Debug|x64.Build.0 = Debug|x64
		{B7EB2CE3-2ADA-4AAE-90E2-9FB826162B5F}.Debug|x86.ActiveCfg = Debug|Win32
		{B7EB2CE3-2ADA-4AAE-90E2-9FB826162B5F}.Debug|x86.Build.0 = Debug|Win32
		{B7EB2CE3-2ADA-4AAE-90E2-9FB826162B5F}.Release|ARM.ActiveCfg = Release|ARM
		{B7EB2CE3-2ADA-4AAE-90E2-9FB826162B5F}.Release|ARM.Build.0 = Release|ARM
		{B7EB2CE3-2ADA-4AAE-90E2-9FB826162B5F}.Release|x64.ActiveCfg = Release|x64
		{B7EB2CE3-2ADA-4AAE-90E2-9FB826162B5F}.Release|x64.Build.0 = Release|x64
		{B7EB2CE3-2ADA-4AAE-90E2-9FB826162B5F}.Release|x86.ActiveCfg = Release|Win32
		{B7EB2CE3-2ADA-4AAE-90E2-9FB826162B5F}.Release|x86.Build.0 = Release|Win32
		{3996458D-7E81-48AA-95B3-AE93A49CA437}.Debug|ARM.ActiveCfg = Debug|Win32
		{3996458D-7E81-48AA-95B3-AE93A49CA437}.Debug|x64.ActiveCfg = Debug|x64
		{3996458D-7E81-48AA-95B3-AE93A49CA437}.Debug|x64.Build.0 = Debug|x64
		{3996458D-7E81-48AA-95B3-AE93A49CA437}.Debug|x86.ActiveCfg = Debug|Win32
		{3996458D-7E81-48AA-95B3-AE93A49CA437}.Debug|x86.Build.0 = Debug|Win32
		{3996458D-7E81-48AA-95B3-AE93A49CA437}.Release|ARM.ActiveCfg = Release|Win32
		{3996458D-7E81-48AA-95B3-AE93A49CA437}.Release|x64.ActiveCfg = Release|x64
		{3996458D-7E81-48AA-95B3-AE93A49CA437}.Release|x64.Build.0 = Release|x64
		{3996458D-7E81-48AA-95B3-AE93A49CA437}.Release|x86.ActiveCfg = Release|Win32
		{3996458D-7E81-48AA-95B3-AE93A49CA437}.Release|x86.Build.0 = Release|Win32
		{00BC98FB-4DAC-47DC-99E9-C999440D831A}.Debug|ARM.ActiveCfg = Debug|Win32
		{00BC98FB-4DAC-47DC-99E9-C999440D831A}.Debug|x64.ActiveCfg = Debug|x64
		{00BC98FB-4DAC-47DC-99E9-C999440D831A}.Debug|x64.Build.0 = Debug|x64
		{00BC98FB-4DAC-47DC-99E9-C999440D831A}.Debug|x86.ActiveCfg = Debug|Win32
		{00BC98FB-4DAC-47DC-99E9-C999440D831A}.Debug|x86.Build.0 = Debug|Win32
		{00BC98FB-4DAC-47DC-99E9-C999440D831A}.Release|ARM.ActiveCfg = Release|Win32
		{00BC98FB-4DAC-47DC-99E9-C999440D831A}.Release|x64.ActiveCfg = Release|x64
		{00BC98FB-4DAC-47DC-99E9-C999440D831A}.Release|x64.Build.0 = Release|x64
		{00BC98FB-4DAC-47DC-99E9-C999440D831A}.Release|x86.ActiveCfg = Release|Win32
		{00BC98FB-4DAC-47DC-99E9-C999440D831A}.Release|x86.Build.0 = Release|Win32
	EndGlobalSection
	GlobalSection(SolutionProperties) = preSolution
		HideSolutionNode = FALSE
	EndGlobalSection
EndGlobal
